// !$*UTF8*$!
{
	archiveVersion = 1;
	classes = {
	};
	objectVersion = 56;
	objects = {

/* Begin PBXBuildFile section */
		AD8E96322B8D33790038CFE0 /* AppDelegate.swift in Sources */ = {isa = PBXBuildFile; fileRef = AD8E96312B8D33790038CFE0 /* AppDelegate.swift */; };
		AD8E96342B8D33790038CFE0 /* SceneDelegate.swift in Sources */ = {isa = PBXBuildFile; fileRef = AD8E96332B8D33790038CFE0 /* SceneDelegate.swift */; };
		AD8E96362B8D33790038CFE0 /* MainTabBarViewController.swift in Sources */ = {isa = PBXBuildFile; fileRef = AD8E96352B8D33790038CFE0 /* MainTabBarViewController.swift */; };
		AD8E963C2B8D33790038CFE0 /* Netflix_Clone.xcdatamodeld in Sources */ = {isa = PBXBuildFile; fileRef = AD8E963A2B8D33790038CFE0 /* Netflix_Clone.xcdatamodeld */; };
		AD8E963E2B8D337B0038CFE0 /* Assets.xcassets in Resources */ = {isa = PBXBuildFile; fileRef = AD8E963D2B8D337B0038CFE0 /* Assets.xcassets */; };
		AD8E96412B8D337B0038CFE0 /* LaunchScreen.storyboard in Resources */ = {isa = PBXBuildFile; fileRef = AD8E963F2B8D337B0038CFE0 /* LaunchScreen.storyboard */; };
		AD8E964A2B8D37770038CFE0 /* HomeViewController.swift in Sources */ = {isa = PBXBuildFile; fileRef = AD8E96492B8D37770038CFE0 /* HomeViewController.swift */; };
		AD8E964C2B8D37830038CFE0 /* UpcomingViewController.swift in Sources */ = {isa = PBXBuildFile; fileRef = AD8E964B2B8D37830038CFE0 /* UpcomingViewController.swift */; };
		AD8E964E2B8D378F0038CFE0 /* SearchViewController.swift in Sources */ = {isa = PBXBuildFile; fileRef = AD8E964D2B8D378F0038CFE0 /* SearchViewController.swift */; };
		AD8E96502B8D379B0038CFE0 /* DownloadViewController.swift in Sources */ = {isa = PBXBuildFile; fileRef = AD8E964F2B8D379B0038CFE0 /* DownloadViewController.swift */; };
		AD8E96572B8D7F230038CFE0 /* CollectionViewTableViewCell.swift in Sources */ = {isa = PBXBuildFile; fileRef = AD8E96562B8D7F230038CFE0 /* CollectionViewTableViewCell.swift */; };
		AD8E96592B8E14A60038CFE0 /* HeroHeaderUIView.swift in Sources */ = {isa = PBXBuildFile; fileRef = AD8E96582B8E14A60038CFE0 /* HeroHeaderUIView.swift */; };
		AD8E965D2B9561630038CFE0 /* APICaller.swift in Sources */ = {isa = PBXBuildFile; fileRef = AD8E965C2B9561630038CFE0 /* APICaller.swift */; };
		AD8E965F2B956B1B0038CFE0 /* Movie.swift in Sources */ = {isa = PBXBuildFile; fileRef = AD8E965E2B956B1B0038CFE0 /* Movie.swift */; };
/* End PBXBuildFile section */

/* Begin PBXFileReference section */
		AD8E962E2B8D33790038CFE0 /* Netflix Clone.app */ = {isa = PBXFileReference; explicitFileType = wrapper.application; includeInIndex = 0; path = "Netflix Clone.app"; sourceTree = BUILT_PRODUCTS_DIR; };
		AD8E96312B8D33790038CFE0 /* AppDelegate.swift */ = {isa = PBXFileReference; lastKnownFileType = sourcecode.swift; path = AppDelegate.swift; sourceTree = "<group>"; };
		AD8E96332B8D33790038CFE0 /* SceneDelegate.swift */ = {isa = PBXFileReference; lastKnownFileType = sourcecode.swift; path = SceneDelegate.swift; sourceTree = "<group>"; };
		AD8E96352B8D33790038CFE0 /* MainTabBarViewController.swift */ = {isa = PBXFileReference; lastKnownFileType = sourcecode.swift; path = MainTabBarViewController.swift; sourceTree = "<group>"; };
		AD8E963B2B8D33790038CFE0 /* Netflix_Clone.xcdatamodel */ = {isa = PBXFileReference; lastKnownFileType = wrapper.xcdatamodel; path = Netflix_Clone.xcdatamodel; sourceTree = "<group>"; };
		AD8E963D2B8D337B0038CFE0 /* Assets.xcassets */ = {isa = PBXFileReference; lastKnownFileType = folder.assetcatalog; path = Assets.xcassets; sourceTree = "<group>"; };
		AD8E96402B8D337B0038CFE0 /* Base */ = {isa = PBXFileReference; lastKnownFileType = file.storyboard; name = Base; path = Base.lproj/LaunchScreen.storyboard; sourceTree = "<group>"; };
		AD8E96422B8D337B0038CFE0 /* Info.plist */ = {isa = PBXFileReference; lastKnownFileType = text.plist.xml; path = Info.plist; sourceTree = "<group>"; };
		AD8E96492B8D37770038CFE0 /* HomeViewController.swift */ = {isa = PBXFileReference; lastKnownFileType = sourcecode.swift; path = HomeViewController.swift; sourceTree = "<group>"; };
		AD8E964B2B8D37830038CFE0 /* UpcomingViewController.swift */ = {isa = PBXFileReference; lastKnownFileType = sourcecode.swift; path = UpcomingViewController.swift; sourceTree = "<group>"; };
		AD8E964D2B8D378F0038CFE0 /* SearchViewController.swift */ = {isa = PBXFileReference; lastKnownFileType = sourcecode.swift; path = SearchViewController.swift; sourceTree = "<group>"; };
		AD8E964F2B8D379B0038CFE0 /* DownloadViewController.swift */ = {isa = PBXFileReference; lastKnownFileType = sourcecode.swift; path = DownloadViewController.swift; sourceTree = "<group>"; };
		AD8E96562B8D7F230038CFE0 /* CollectionViewTableViewCell.swift */ = {isa = PBXFileReference; lastKnownFileType = sourcecode.swift; path = CollectionViewTableViewCell.swift; sourceTree = "<group>"; };
		AD8E96582B8E14A60038CFE0 /* HeroHeaderUIView.swift */ = {isa = PBXFileReference; lastKnownFileType = sourcecode.swift; path = HeroHeaderUIView.swift; sourceTree = "<group>"; };
		AD8E965C2B9561630038CFE0 /* APICaller.swift */ = {isa = PBXFileReference; lastKnownFileType = sourcecode.swift; path = APICaller.swift; sourceTree = "<group>"; };
		AD8E965E2B956B1B0038CFE0 /* Movie.swift */ = {isa = PBXFileReference; lastKnownFileType = sourcecode.swift; path = Movie.swift; sourceTree = "<group>"; };
/* End PBXFileReference section */

/* Begin PBXFrameworksBuildPhase section */
		AD8E962B2B8D33790038CFE0 /* Frameworks */ = {
			isa = PBXFrameworksBuildPhase;
			buildActionMask = 2147483647;
			files = (
			);
			runOnlyForDeploymentPostprocessing = 0;
		};
/* End PBXFrameworksBuildPhase section */

/* Begin PBXGroup section */
		AD8E96252B8D33790038CFE0 = {
			isa = PBXGroup;
			children = (
				AD8E96302B8D33790038CFE0 /* Netflix Clone */,
				AD8E962F2B8D33790038CFE0 /* Products */,
			);
			sourceTree = "<group>";
		};
		AD8E962F2B8D33790038CFE0 /* Products */ = {
			isa = PBXGroup;
			children = (
				AD8E962E2B8D33790038CFE0 /* Netflix Clone.app */,
			);
			name = Products;
			sourceTree = "<group>";
		};
		AD8E96302B8D33790038CFE0 /* Netflix Clone */ = {
			isa = PBXGroup;
			children = (
				AD8E96552B8D7EE40038CFE0 /* Managers */,
				AD8E96542B8D7EDD0038CFE0 /* Resuorces */,
				AD8E96532B8D7EBA0038CFE0 /* Models */,
				AD8E96522B8D7EB40038CFE0 /* Views */,
				AD8E96512B8D7EAC0038CFE0 /* ViewModels */,
				AD8E96482B8D37550038CFE0 /* Controllers */,
				AD8E96312B8D33790038CFE0 /* AppDelegate.swift */,
				AD8E96332B8D33790038CFE0 /* SceneDelegate.swift */,
				AD8E96352B8D33790038CFE0 /* MainTabBarViewController.swift */,
				AD8E963D2B8D337B0038CFE0 /* Assets.xcassets */,
				AD8E963F2B8D337B0038CFE0 /* LaunchScreen.storyboard */,
				AD8E96422B8D337B0038CFE0 /* Info.plist */,
				AD8E963A2B8D33790038CFE0 /* Netflix_Clone.xcdatamodeld */,
			);
			path = "Netflix Clone";
			sourceTree = "<group>";
		};
		AD8E96482B8D37550038CFE0 /* Controllers */ = {
			isa = PBXGroup;
			children = (
				AD8E96492B8D37770038CFE0 /* HomeViewController.swift */,
				AD8E964B2B8D37830038CFE0 /* UpcomingViewController.swift */,
				AD8E964D2B8D378F0038CFE0 /* SearchViewController.swift */,
				AD8E964F2B8D379B0038CFE0 /* DownloadViewController.swift */,
			);
			path = Controllers;
			sourceTree = "<group>";
		};
		AD8E96512B8D7EAC0038CFE0 /* ViewModels */ = {
			isa = PBXGroup;
			children = (
			);
			path = ViewModels;
			sourceTree = "<group>";
		};
		AD8E96522B8D7EB40038CFE0 /* Views */ = {
			isa = PBXGroup;
			children = (
				AD8E96562B8D7F230038CFE0 /* CollectionViewTableViewCell.swift */,
				AD8E96582B8E14A60038CFE0 /* HeroHeaderUIView.swift */,
			);
			path = Views;
			sourceTree = "<group>";
		};
		AD8E96532B8D7EBA0038CFE0 /* Models */ = {
			isa = PBXGroup;
			children = (
				AD8E965E2B956B1B0038CFE0 /* Movie.swift */,
			);
			path = Models;
			sourceTree = "<group>";
		};
		AD8E96542B8D7EDD0038CFE0 /* Resuorces */ = {
			isa = PBXGroup;
			children = (
			);
			path = Resuorces;
			sourceTree = "<group>";
		};
		AD8E96552B8D7EE40038CFE0 /* Managers */ = {
			isa = PBXGroup;
			children = (
				AD8E965C2B9561630038CFE0 /* APICaller.swift */,
			);
			path = Managers;
			sourceTree = "<group>";
		};
/* End PBXGroup section */

/* Begin PBXNativeTarget section */
		AD8E962D2B8D33790038CFE0 /* Netflix Clone */ = {
			isa = PBXNativeTarget;
			buildConfigurationList = AD8E96452B8D337B0038CFE0 /* Build configuration list for PBXNativeTarget "Netflix Clone" */;
			buildPhases = (
				AD8E962A2B8D33790038CFE0 /* Sources */,
				AD8E962B2B8D33790038CFE0 /* Frameworks */,
				AD8E962C2B8D33790038CFE0 /* Resources */,
			);
			buildRules = (
			);
			dependencies = (
			);
			name = "Netflix Clone";
			productName = "Netflix Clone";
			productReference = AD8E962E2B8D33790038CFE0 /* Netflix Clone.app */;
			productType = "com.apple.product-type.application";
		};
/* End PBXNativeTarget section */

/* Begin PBXProject section */
		AD8E96262B8D33790038CFE0 /* Project object */ = {
			isa = PBXProject;
			attributes = {
				BuildIndependentTargetsInParallel = 1;
				LastSwiftUpdateCheck = 1520;
				LastUpgradeCheck = 1520;
				TargetAttributes = {
					AD8E962D2B8D33790038CFE0 = {
						CreatedOnToolsVersion = 15.2;
					};
				};
			};
			buildConfigurationList = AD8E96292B8D33790038CFE0 /* Build configuration list for PBXProject "Netflix Clone" */;
			compatibilityVersion = "Xcode 14.0";
			developmentRegion = en;
			hasScannedForEncodings = 0;
			knownRegions = (
				en,
				Base,
			);
			mainGroup = AD8E96252B8D33790038CFE0;
			productRefGroup = AD8E962F2B8D33790038CFE0 /* Products */;
			projectDirPath = "";
			projectRoot = "";
			targets = (
				AD8E962D2B8D33790038CFE0 /* Netflix Clone */,
			);
		};
/* End PBXProject section */

/* Begin PBXResourcesBuildPhase section */
		AD8E962C2B8D33790038CFE0 /* Resources */ = {
			isa = PBXResourcesBuildPhase;
			buildActionMask = 2147483647;
			files = (
				AD8E96412B8D337B0038CFE0 /* LaunchScreen.storyboard in Resources */,
				AD8E963E2B8D337B0038CFE0 /* Assets.xcassets in Resources */,
			);
			runOnlyForDeploymentPostprocessing = 0;
		};
/* End PBXResourcesBuildPhase section */

/* Begin PBXSourcesBuildPhase section */
		AD8E962A2B8D33790038CFE0 /* Sources */ = {
			isa = PBXSourcesBuildPhase;
			buildActionMask = 2147483647;
			files = (
				AD8E964C2B8D37830038CFE0 /* UpcomingViewController.swift in Sources */,
				AD8E96592B8E14A60038CFE0 /* HeroHeaderUIView.swift in Sources */,
				AD8E965F2B956B1B0038CFE0 /* Movie.swift in Sources */,
				AD8E964E2B8D378F0038CFE0 /* SearchViewController.swift in Sources */,
				AD8E964A2B8D37770038CFE0 /* HomeViewController.swift in Sources */,
				AD8E963C2B8D33790038CFE0 /* Netflix_Clone.xcdatamodeld in Sources */,
				AD8E96362B8D33790038CFE0 /* MainTabBarViewController.swift in Sources */,
				AD8E96572B8D7F230038CFE0 /* CollectionViewTableViewCell.swift in Sources */,
				AD8E96322B8D33790038CFE0 /* AppDelegate.swift in Sources */,
				AD8E965D2B9561630038CFE0 /* APICaller.swift in Sources */,
				AD8E96502B8D379B0038CFE0 /* DownloadViewController.swift in Sources */,
				AD8E96342B8D33790038CFE0 /* SceneDelegate.swift in Sources */,
			);
			runOnlyForDeploymentPostprocessing = 0;
		};
/* End PBXSourcesBuildPhase section */

/* Begin PBXVariantGroup section */
		AD8E963F2B8D337B0038CFE0 /* LaunchScreen.storyboard */ = {
			isa = PBXVariantGroup;
			children = (
				AD8E96402B8D337B0038CFE0 /* Base */,
			);
			name = LaunchScreen.storyboard;
			sourceTree = "<group>";
		};
/* End PBXVariantGroup section */

/* Begin XCBuildConfiguration section */
		AD8E96432B8D337B0038CFE0 /* Debug */ = {
			isa = XCBuildConfiguration;
			buildSettings = {
				ALWAYS_SEARCH_USER_PATHS = NO;
				ASSETCATALOG_COMPILER_GENERATE_SWIFT_ASSET_SYMBOL_EXTENSIONS = YES;
				CLANG_ANALYZER_NONNULL = YES;
				CLANG_ANALYZER_NUMBER_OBJECT_CONVERSION = YES_AGGRESSIVE;
				CLANG_CXX_LANGUAGE_STANDARD = "gnu++20";
				CLANG_ENABLE_MODULES = YES;
				CLANG_ENABLE_OBJC_ARC = YES;
				CLANG_ENABLE_OBJC_WEAK = YES;
				CLANG_WARN_BLOCK_CAPTURE_AUTORELEASING = YES;
				CLANG_WARN_BOOL_CONVERSION = YES;
				CLANG_WARN_COMMA = YES;
				CLANG_WARN_CONSTANT_CONVERSION = YES;
				CLANG_WARN_DEPRECATED_OBJC_IMPLEMENTATIONS = YES;
				CLANG_WARN_DIRECT_OBJC_ISA_USAGE = YES_ERROR;
				CLANG_WARN_DOCUMENTATION_COMMENTS = YES;
				CLANG_WARN_EMPTY_BODY = YES;
				CLANG_WARN_ENUM_CONVERSION = YES;
				CLANG_WARN_INFINITE_RECURSION = YES;
				CLANG_WARN_INT_CONVERSION = YES;
				CLANG_WARN_NON_LITERAL_NULL_CONVERSION = YES;
				CLANG_WARN_OBJC_IMPLICIT_RETAIN_SELF = YES;
				CLANG_WARN_OBJC_LITERAL_CONVERSION = YES;
				CLANG_WARN_OBJC_ROOT_CLASS = YES_ERROR;
				CLANG_WARN_QUOTED_INCLUDE_IN_FRAMEWORK_HEADER = YES;
				CLANG_WARN_RANGE_LOOP_ANALYSIS = YES;
				CLANG_WARN_STRICT_PROTOTYPES = YES;
				CLANG_WARN_SUSPICIOUS_MOVE = YES;
				CLANG_WARN_UNGUARDED_AVAILABILITY = YES_AGGRESSIVE;
				CLANG_WARN_UNREACHABLE_CODE = YES;
				CLANG_WARN__DUPLICATE_METHOD_MATCH = YES;
				COPY_PHASE_STRIP = NO;
				DEBUG_INFORMATION_FORMAT = dwarf;
				ENABLE_STRICT_OBJC_MSGSEND = YES;
				ENABLE_TESTABILITY = YES;
				ENABLE_USER_SCRIPT_SANDBOXING = YES;
				GCC_C_LANGUAGE_STANDARD = gnu17;
				GCC_DYNAMIC_NO_PIC = NO;
				GCC_NO_COMMON_BLOCKS = YES;
				GCC_OPTIMIZATION_LEVEL = 0;
				GCC_PREPROCESSOR_DEFINITIONS = (
					"DEBUG=1",
					"$(inherited)",
				);
				GCC_WARN_64_TO_32_BIT_CONVERSION = YES;
				GCC_WARN_ABOUT_RETURN_TYPE = YES_ERROR;
				GCC_WARN_UNDECLARED_SELECTOR = YES;
				GCC_WARN_UNINITIALIZED_AUTOS = YES_AGGRESSIVE;
				GCC_WARN_UNUSED_FUNCTION = YES;
				GCC_WARN_UNUSED_VARIABLE = YES;
				IPHONEOS_DEPLOYMENT_TARGET = 17.2;
				LOCALIZATION_PREFERS_STRING_CATALOGS = YES;
				MTL_ENABLE_DEBUG_INFO = INCLUDE_SOURCE;
				MTL_FAST_MATH = YES;
				ONLY_ACTIVE_ARCH = YES;
				SDKROOT = iphoneos;
				SWIFT_ACTIVE_COMPILATION_CONDITIONS = "DEBUG $(inherited)";
				SWIFT_OPTIMIZATION_LEVEL = "-Onone";
			};
			name = Debug;
		};
		AD8E96442B8D337B0038CFE0 /* Release */ = {
			isa = XCBuildConfiguration;
			buildSettings = {
				ALWAYS_SEARCH_USER_PATHS = NO;
				ASSETCATALOG_COMPILER_GENERATE_SWIFT_ASSET_SYMBOL_EXTENSIONS = YES;
				CLANG_ANALYZER_NONNULL = YES;
				CLANG_ANALYZER_NUMBER_OBJECT_CONVERSION = YES_AGGRESSIVE;
				CLANG_CXX_LANGUAGE_STANDARD = "gnu++20";
				CLANG_ENABLE_MODULES = YES;
				CLANG_ENABLE_OBJC_ARC = YES;
				CLANG_ENABLE_OBJC_WEAK = YES;
				CLANG_WARN_BLOCK_CAPTURE_AUTORELEASING = YES;
				CLANG_WARN_BOOL_CONVERSION = YES;
				CLANG_WARN_COMMA = YES;
				CLANG_WARN_CONSTANT_CONVERSION = YES;
				CLANG_WARN_DEPRECATED_OBJC_IMPLEMENTATIONS = YES;
				CLANG_WARN_DIRECT_OBJC_ISA_USAGE = YES_ERROR;
				CLANG_WARN_DOCUMENTATION_COMMENTS = YES;
				CLANG_WARN_EMPTY_BODY = YES;
				CLANG_WARN_ENUM_CONVERSION = YES;
				CLANG_WARN_INFINITE_RECURSION = YES;
				CLANG_WARN_INT_CONVERSION = YES;
				CLANG_WARN_NON_LITERAL_NULL_CONVERSION = YES;
				CLANG_WARN_OBJC_IMPLICIT_RETAIN_SELF = YES;
				CLANG_WARN_OBJC_LITERAL_CONVERSION = YES;
				CLANG_WARN_OBJC_ROOT_CLASS = YES_ERROR;
				CLANG_WARN_QUOTED_INCLUDE_IN_FRAMEWORK_HEADER = YES;
				CLANG_WARN_RANGE_LOOP_ANALYSIS = YES;
				CLANG_WARN_STRICT_PROTOTYPES = YES;
				CLANG_WARN_SUSPICIOUS_MOVE = YES;
				CLANG_WARN_UNGUARDED_AVAILABILITY = YES_AGGRESSIVE;
				CLANG_WARN_UNREACHABLE_CODE = YES;
				CLANG_WARN__DUPLICATE_METHOD_MATCH = YES;
				COPY_PHASE_STRIP = NO;
				DEBUG_INFORMATION_FORMAT = "dwarf-with-dsym";
				ENABLE_NS_ASSERTIONS = NO;
				ENABLE_STRICT_OBJC_MSGSEND = YES;
				ENABLE_USER_SCRIPT_SANDBOXING = YES;
				GCC_C_LANGUAGE_STANDARD = gnu17;
				GCC_NO_COMMON_BLOCKS = YES;
				GCC_WARN_64_TO_32_BIT_CONVERSION = YES;
				GCC_WARN_ABOUT_RETURN_TYPE = YES_ERROR;
				GCC_WARN_UNDECLARED_SELECTOR = YES;
				GCC_WARN_UNINITIALIZED_AUTOS = YES_AGGRESSIVE;
				GCC_WARN_UNUSED_FUNCTION = YES;
				GCC_WARN_UNUSED_VARIABLE = YES;
				IPHONEOS_DEPLOYMENT_TARGET = 17.2;
				LOCALIZATION_PREFERS_STRING_CATALOGS = YES;
				MTL_ENABLE_DEBUG_INFO = NO;
				MTL_FAST_MATH = YES;
				SDKROOT = iphoneos;
				SWIFT_COMPILATION_MODE = wholemodule;
				VALIDATE_PRODUCT = YES;
			};
			name = Release;
		};
		AD8E96462B8D337B0038CFE0 /* Debug */ = {
			isa = XCBuildConfiguration;
			buildSettings = {
				ASSETCATALOG_COMPILER_APPICON_NAME = AppIcon;
				ASSETCATALOG_COMPILER_GLOBAL_ACCENT_COLOR_NAME = AccentColor;
				CODE_SIGN_STYLE = Automatic;
				CURRENT_PROJECT_VERSION = 1;
				DEVELOPMENT_TEAM = P9NXT375QP;
				GENERATE_INFOPLIST_FILE = YES;
				INFOPLIST_FILE = "Netflix Clone/Info.plist";
				INFOPLIST_KEY_UIApplicationSupportsIndirectInputEvents = YES;
				INFOPLIST_KEY_UILaunchStoryboardName = LaunchScreen;
				INFOPLIST_KEY_UISupportedInterfaceOrientations_iPad = "UIInterfaceOrientationPortrait UIInterfaceOrientationPortraitUpsideDown UIInterfaceOrientationLandscapeLeft UIInterfaceOrientationLandscapeRight";
				INFOPLIST_KEY_UISupportedInterfaceOrientations_iPhone = "UIInterfaceOrientationPortrait UIInterfaceOrientationLandscapeLeft UIInterfaceOrientationLandscapeRight";
				LD_RUNPATH_SEARCH_PATHS = (
					"$(inherited)",
					"@executable_path/Frameworks",
				);
				MARKETING_VERSION = 1.0;
				PRODUCT_BUNDLE_IDENTIFIER = "com.leral3.Netflix-Clone";
				PRODUCT_NAME = "$(TARGET_NAME)";
				SWIFT_EMIT_LOC_STRINGS = YES;
				SWIFT_VERSION = 5.0;
				TARGETED_DEVICE_FAMILY = "1,2";
			};
			name = Debug;
		};
		AD8E96472B8D337B0038CFE0 /* Release */ = {
			isa = XCBuildConfiguration;
			buildSettings = {
				ASSETCATALOG_COMPILER_APPICON_NAME = AppIcon;
				ASSETCATALOG_COMPILER_GLOBAL_ACCENT_COLOR_NAME = AccentColor;
				CODE_SIGN_STYLE = Automatic;
				CURRENT_PROJECT_VERSION = 1;
				DEVELOPMENT_TEAM = P9NXT375QP;
				GENERATE_INFOPLIST_FILE = YES;
				INFOPLIST_FILE = "Netflix Clone/Info.plist";
				INFOPLIST_KEY_UIApplicationSupportsIndirectInputEvents = YES;
				INFOPLIST_KEY_UILaunchStoryboardName = LaunchScreen;
				INFOPLIST_KEY_UISupportedInterfaceOrientations_iPad = "UIInterfaceOrientationPortrait UIInterfaceOrientationPortraitUpsideDown UIInterfaceOrientationLandscapeLeft UIInterfaceOrientationLandscapeRight";
				INFOPLIST_KEY_UISupportedInterfaceOrientations_iPhone = "UIInterfaceOrientationPortrait UIInterfaceOrientationLandscapeLeft UIInterfaceOrientationLandscapeRight";
				LD_RUNPATH_SEARCH_PATHS = (
					"$(inherited)",
					"@executable_path/Frameworks",
				);
				MARKETING_VERSION = 1.0;
				PRODUCT_BUNDLE_IDENTIFIER = "com.leral3.Netflix-Clone";
				PRODUCT_NAME = "$(TARGET_NAME)";
				SWIFT_EMIT_LOC_STRINGS = YES;
				SWIFT_VERSION = 5.0;
				TARGETED_DEVICE_FAMILY = "1,2";
			};
			name = Release;
		};
/* End XCBuildConfiguration section */

/* Begin XCConfigurationList section */
		AD8E96292B8D33790038CFE0 /* Build configuration list for PBXProject "Netflix Clone" */ = {
			isa = XCConfigurationList;
			buildConfigurations = (
				AD8E96432B8D337B0038CFE0 /* Debug */,
				AD8E96442B8D337B0038CFE0 /* Release */,
			);
			defaultConfigurationIsVisible = 0;
			defaultConfigurationName = Release;
		};
		AD8E96452B8D337B0038CFE0 /* Build configuration list for PBXNativeTarget "Netflix Clone" */ = {
			isa = XCConfigurationList;
			buildConfigurations = (
				AD8E96462B8D337B0038CFE0 /* Debug */,
				AD8E96472B8D337B0038CFE0 /* Release */,
			);
			defaultConfigurationIsVisible = 0;
			defaultConfigurationName = Release;
		};
/* End XCConfigurationList section */

/* Begin XCVersionGroup section */
		AD8E963A2B8D33790038CFE0 /* Netflix_Clone.xcdatamodeld */ = {
			isa = XCVersionGroup;
			children = (
				AD8E963B2B8D33790038CFE0 /* Netflix_Clone.xcdatamodel */,
			);
			currentVersion = AD8E963B2B8D33790038CFE0 /* Netflix_Clone.xcdatamodel */;
			path = Netflix_Clone.xcdatamodeld;
			sourceTree = "<group>";
			versionGroupType = wrapper.xcdatamodel;
		};
/* End XCVersionGroup section */
	};
	rootObject = AD8E96262B8D33790038CFE0 /* Project object */;
}
